
Microsoft Visual Studio Solution File, Format Version 12.00
# Visual Studio Version 16
VisualStudioVersion = 16.0.30804.86
MinimumVisualStudioVersion = 10.0.40219.1
Project("{FAE04EC0-301F-11D3-BF4B-00C04F79EFBC}") = "GprMax-Formalized-script", "WindowsFormsApp1\GprMax-Formalized-script.csproj", "{B20879F8-DB2F-4967-BCD7-3EB72FA5B4FA}"
EndProject
Global
	GlobalSection(SolutionConfigurationPlatforms) = preSolution
		Debug|Any CPU = Debug|Any CPU
		Release|Any CPU = Release|Any CPU
	EndGlobalSection
	GlobalSection(ProjectConfigurationPlatforms) = postSolution
		{B20879F8-DB2F-4967-BCD7-3EB72FA5B4FA}.Debug|Any CPU.ActiveCfg = Debug|Any CPU
		{B20879F8-DB2F-4967-BCD7-3EB72FA5B4FA}.Debug|Any CPU.Build.0 = Debug|Any CPU
		{B20879F8-DB2F-4967-BCD7-3EB72FA5B4FA}.Release|Any CPU.ActiveCfg = Release|Any CPU
		{B20879F8-DB2F-4967-BCD7-3EB72FA5B4FA}.Release|Any CPU.Build.0 = Release|Any CPU
	EndGlobalSection
	GlobalSection(SolutionProperties) = preSolution
		HideSolutionNode = FALSE
	EndGlobalSection
	GlobalSection(ExtensibilityGlobals) = postSolution
		SolutionGuid = {57AC62BE-9C1A-448E-A6B2-644A726ABB63}
	EndGlobalSection
EndGlobal
